// !$*UTF8*$!
{
	archiveVersion = 1;
	classes = {
	};
	objectVersion = 48;
	objects = {

/* Begin PBXBuildFile section */
		98B2E39E0C8A4050EFC1B8D5 /* Pods_taxi_app_client_end_point.framework in Frameworks */ = {isa = PBXBuildFile; fileRef = EF45C8970608899FDD5CE97D /* Pods_taxi_app_client_end_point.framework */; };
		D290C0041F92ACFF002BEEB6 /* AppDelegate.swift in Sources */ = {isa = PBXBuildFile; fileRef = D290C0031F92ACFF002BEEB6 /* AppDelegate.swift */; };
		D290C00B1F92ACFF002BEEB6 /* Assets.xcassets in Resources */ = {isa = PBXBuildFile; fileRef = D290C00A1F92ACFF002BEEB6 /* Assets.xcassets */; };
		D290C0181F92B07F002BEEB6 /* Launcher.storyboard in Resources */ = {isa = PBXBuildFile; fileRef = D290C0171F92B07F002BEEB6 /* Launcher.storyboard */; };
		D290C01A1F92B0B5002BEEB6 /* Login.storyboard in Resources */ = {isa = PBXBuildFile; fileRef = D290C0191F92B0B5002BEEB6 /* Login.storyboard */; };
		D290C01F1F92B424002BEEB6 /* LoginViewController.swift in Sources */ = {isa = PBXBuildFile; fileRef = D290C01E1F92B424002BEEB6 /* LoginViewController.swift */; };
		D290C0231F92B6F4002BEEB6 /* Register.storyboard in Resources */ = {isa = PBXBuildFile; fileRef = D290C0221F92B6F4002BEEB6 /* Register.storyboard */; };
		D290C0261F92B709002BEEB6 /* RegisterViewController.swift in Sources */ = {isa = PBXBuildFile; fileRef = D290C0251F92B709002BEEB6 /* RegisterViewController.swift */; };
		D290C0281F92B77C002BEEB6 /* Home.storyboard in Resources */ = {isa = PBXBuildFile; fileRef = D290C0271F92B77C002BEEB6 /* Home.storyboard */; };
		D290C02C1F92BD9E002BEEB6 /* HomeViewController.swift in Sources */ = {isa = PBXBuildFile; fileRef = D290C02B1F92BD9E002BEEB6 /* HomeViewController.swift */; };
		D2C938E41F9594A20016C003 /* Client.swift in Sources */ = {isa = PBXBuildFile; fileRef = D2C938E31F9594A20016C003 /* Client.swift */; };
		D2C938E51F9595600016C003 /* TypeOfUser.swift in Sources */ = {isa = PBXBuildFile; fileRef = D2C938E21F9594070016C003 /* TypeOfUser.swift */; };
		D2C938E61F9595640016C003 /* Session.swift in Sources */ = {isa = PBXBuildFile; fileRef = D2C938E01F9594070016C003 /* Session.swift */; };
		D2C938E71F9595670016C003 /* Taxi.swift in Sources */ = {isa = PBXBuildFile; fileRef = D2C938E11F9594070016C003 /* Taxi.swift */; };
		D2C938E81F95956E0016C003 /* Services.swift in Sources */ = {isa = PBXBuildFile; fileRef = D2C938DE1F9594070016C003 /* Services.swift */; };
/* End PBXBuildFile section */

/* Begin PBXFileReference section */
		7172E83DC2B10DE556AC27B7 /* Pods-taxi-app-client-end-point.debug.xcconfig */ = {isa = PBXFileReference; includeInIndex = 1; lastKnownFileType = text.xcconfig; name = "Pods-taxi-app-client-end-point.debug.xcconfig"; path = "Pods/Target Support Files/Pods-taxi-app-client-end-point/Pods-taxi-app-client-end-point.debug.xcconfig"; sourceTree = "<group>"; };
		769FF5C22C010CC7F8B1AF6B /* Pods-taxi-app-client-end-point.release.xcconfig */ = {isa = PBXFileReference; includeInIndex = 1; lastKnownFileType = text.xcconfig; name = "Pods-taxi-app-client-end-point.release.xcconfig"; path = "Pods/Target Support Files/Pods-taxi-app-client-end-point/Pods-taxi-app-client-end-point.release.xcconfig"; sourceTree = "<group>"; };
		D290C0001F92ACFF002BEEB6 /* taxi-app-client-end-point.app */ = {isa = PBXFileReference; explicitFileType = wrapper.application; includeInIndex = 0; path = "taxi-app-client-end-point.app"; sourceTree = BUILT_PRODUCTS_DIR; };
		D290C0031F92ACFF002BEEB6 /* AppDelegate.swift */ = {isa = PBXFileReference; lastKnownFileType = sourcecode.swift; path = AppDelegate.swift; sourceTree = "<group>"; };
		D290C00A1F92ACFF002BEEB6 /* Assets.xcassets */ = {isa = PBXFileReference; lastKnownFileType = folder.assetcatalog; path = Assets.xcassets; sourceTree = "<group>"; };
		D290C00F1F92ACFF002BEEB6 /* Info.plist */ = {isa = PBXFileReference; lastKnownFileType = text.plist.xml; path = Info.plist; sourceTree = "<group>"; };
		D290C0171F92B07F002BEEB6 /* Launcher.storyboard */ = {isa = PBXFileReference; lastKnownFileType = file.storyboard; path = Launcher.storyboard; sourceTree = "<group>"; };
		D290C0191F92B0B5002BEEB6 /* Login.storyboard */ = {isa = PBXFileReference; lastKnownFileType = file.storyboard; path = Login.storyboard; sourceTree = "<group>"; };
		D290C01E1F92B424002BEEB6 /* LoginViewController.swift */ = {isa = PBXFileReference; lastKnownFileType = sourcecode.swift; path = LoginViewController.swift; sourceTree = "<group>"; };
		D290C0221F92B6F4002BEEB6 /* Register.storyboard */ = {isa = PBXFileReference; lastKnownFileType = file.storyboard; path = Register.storyboard; sourceTree = "<group>"; };
		D290C0251F92B709002BEEB6 /* RegisterViewController.swift */ = {isa = PBXFileReference; lastKnownFileType = sourcecode.swift; path = RegisterViewController.swift; sourceTree = "<group>"; };
		D290C0271F92B77C002BEEB6 /* Home.storyboard */ = {isa = PBXFileReference; lastKnownFileType = file.storyboard; path = Home.storyboard; sourceTree = "<group>"; };
		D290C02B1F92BD9E002BEEB6 /* HomeViewController.swift */ = {isa = PBXFileReference; lastKnownFileType = sourcecode.swift; path = HomeViewController.swift; sourceTree = "<group>"; };
		D2C938DE1F9594070016C003 /* Services.swift */ = {isa = PBXFileReference; lastKnownFileType = sourcecode.swift; path = Services.swift; sourceTree = "<group>"; };
		D2C938E01F9594070016C003 /* Session.swift */ = {isa = PBXFileReference; lastKnownFileType = sourcecode.swift; path = Session.swift; sourceTree = "<group>"; };
		D2C938E11F9594070016C003 /* Taxi.swift */ = {isa = PBXFileReference; lastKnownFileType = sourcecode.swift; path = Taxi.swift; sourceTree = "<group>"; };
		D2C938E21F9594070016C003 /* TypeOfUser.swift */ = {isa = PBXFileReference; lastKnownFileType = sourcecode.swift; path = TypeOfUser.swift; sourceTree = "<group>"; };
		D2C938E31F9594A20016C003 /* Client.swift */ = {isa = PBXFileReference; lastKnownFileType = sourcecode.swift; path = Client.swift; sourceTree = "<group>"; };
		EF45C8970608899FDD5CE97D /* Pods_taxi_app_client_end_point.framework */ = {isa = PBXFileReference; explicitFileType = wrapper.framework; includeInIndex = 0; path = Pods_taxi_app_client_end_point.framework; sourceTree = BUILT_PRODUCTS_DIR; };
/* End PBXFileReference section */

/* Begin PBXFrameworksBuildPhase section */
		D290BFFD1F92ACFF002BEEB6 /* Frameworks */ = {
			isa = PBXFrameworksBuildPhase;
			buildActionMask = 2147483647;
			files = (
				98B2E39E0C8A4050EFC1B8D5 /* Pods_taxi_app_client_end_point.framework in Frameworks */,
			);
			runOnlyForDeploymentPostprocessing = 0;
		};
/* End PBXFrameworksBuildPhase section */

/* Begin PBXGroup section */
		08E0DC3E28AC512605808E7B /* Pods */ = {
			isa = PBXGroup;
			children = (
				7172E83DC2B10DE556AC27B7 /* Pods-taxi-app-client-end-point.debug.xcconfig */,
				769FF5C22C010CC7F8B1AF6B /* Pods-taxi-app-client-end-point.release.xcconfig */,
			);
			name = Pods;
			sourceTree = "<group>";
		};
		3163F2C15E3729026490BC2C /* Frameworks */ = {
			isa = PBXGroup;
			children = (
				EF45C8970608899FDD5CE97D /* Pods_taxi_app_client_end_point.framework */,
			);
			name = Frameworks;
			sourceTree = "<group>";
		};
		D290BFF71F92ACFF002BEEB6 = {
			isa = PBXGroup;
			children = (
				D290C0021F92ACFF002BEEB6 /* taxi-app-client-end-point */,
				D290C0011F92ACFF002BEEB6 /* Products */,
				08E0DC3E28AC512605808E7B /* Pods */,
				3163F2C15E3729026490BC2C /* Frameworks */,
			);
			sourceTree = "<group>";
		};
		D290C0011F92ACFF002BEEB6 /* Products */ = {
			isa = PBXGroup;
			children = (
				D290C0001F92ACFF002BEEB6 /* taxi-app-client-end-point.app */,
			);
			name = Products;
			sourceTree = "<group>";
		};
		D290C0021F92ACFF002BEEB6 /* taxi-app-client-end-point */ = {
			isa = PBXGroup;
			children = (
				D2C938DF1F9594070016C003 /* Model */,
				D2C938DD1F9594070016C003 /* Network */,
				D290C0161F92B043002BEEB6 /* Storyboards */,
				D290C0151F92B02A002BEEB6 /* Controllers */,
				D290C0031F92ACFF002BEEB6 /* AppDelegate.swift */,
				D290C00A1F92ACFF002BEEB6 /* Assets.xcassets */,
				D290C00F1F92ACFF002BEEB6 /* Info.plist */,
			);
			path = "taxi-app-client-end-point";
			sourceTree = "<group>";
		};
		D290C0151F92B02A002BEEB6 /* Controllers */ = {
			isa = PBXGroup;
			children = (
				D290C0241F92B6F7002BEEB6 /* Register */,
				D290C0211F92B497002BEEB6 /* Home */,
				D290C0201F92B42B002BEEB6 /* Login */,
			);
			path = Controllers;
			sourceTree = "<group>";
		};
		D290C0161F92B043002BEEB6 /* Storyboards */ = {
			isa = PBXGroup;
			children = (
				D290C0171F92B07F002BEEB6 /* Launcher.storyboard */,
				D290C0191F92B0B5002BEEB6 /* Login.storyboard */,
				D290C0221F92B6F4002BEEB6 /* Register.storyboard */,
				D290C0271F92B77C002BEEB6 /* Home.storyboard */,
			);
			path = Storyboards;
			sourceTree = "<group>";
		};
		D290C0201F92B42B002BEEB6 /* Login */ = {
			isa = PBXGroup;
			children = (
				D290C01E1F92B424002BEEB6 /* LoginViewController.swift */,
			);
			path = Login;
			sourceTree = "<group>";
		};
		D290C0211F92B497002BEEB6 /* Home */ = {
			isa = PBXGroup;
			children = (
				D290C02B1F92BD9E002BEEB6 /* HomeViewController.swift */,
			);
			path = Home;
			sourceTree = "<group>";
		};
		D290C0241F92B6F7002BEEB6 /* Register */ = {
			isa = PBXGroup;
			children = (
				D290C0251F92B709002BEEB6 /* RegisterViewController.swift */,
			);
			path = Register;
			sourceTree = "<group>";
		};
		D2C938DD1F9594070016C003 /* Network */ = {
			isa = PBXGroup;
			children = (
				D2C938DE1F9594070016C003 /* Services.swift */,
			);
			path = Network;
			sourceTree = "<group>";
		};
		D2C938DF1F9594070016C003 /* Model */ = {
			isa = PBXGroup;
			children = (
				D2C938E01F9594070016C003 /* Session.swift */,
				D2C938E11F9594070016C003 /* Taxi.swift */,
				D2C938E21F9594070016C003 /* TypeOfUser.swift */,
				D2C938E31F9594A20016C003 /* Client.swift */,
			);
			path = Model;
			sourceTree = "<group>";
		};
/* End PBXGroup section */

/* Begin PBXNativeTarget section */
		D290BFFF1F92ACFF002BEEB6 /* taxi-app-client-end-point */ = {
			isa = PBXNativeTarget;
			buildConfigurationList = D290C0121F92ACFF002BEEB6 /* Build configuration list for PBXNativeTarget "taxi-app-client-end-point" */;
			buildPhases = (
				78D99843664ADCC0C07E5141 /* [CP] Check Pods Manifest.lock */,
				D290BFFC1F92ACFF002BEEB6 /* Sources */,
				D290BFFD1F92ACFF002BEEB6 /* Frameworks */,
				D290BFFE1F92ACFF002BEEB6 /* Resources */,
				BDDF205B9E980BF15C6B7D24 /* [CP] Embed Pods Frameworks */,
				3B35A9D816F06905F7BDB8F7 /* [CP] Copy Pods Resources */,
			);
			buildRules = (
			);
			dependencies = (
			);
			name = "taxi-app-client-end-point";
			productName = "taxi-app-client-end-point";
			productReference = D290C0001F92ACFF002BEEB6 /* taxi-app-client-end-point.app */;
			productType = "com.apple.product-type.application";
		};
/* End PBXNativeTarget section */

/* Begin PBXProject section */
		D290BFF81F92ACFF002BEEB6 /* Project object */ = {
			isa = PBXProject;
			attributes = {
				LastSwiftUpdateCheck = 0900;
				LastUpgradeCheck = 0900;
				ORGANIZATIONNAME = zcrome;
				TargetAttributes = {
					D290BFFF1F92ACFF002BEEB6 = {
						CreatedOnToolsVersion = 9.0;
						ProvisioningStyle = Automatic;
					};
				};
			};
			buildConfigurationList = D290BFFB1F92ACFF002BEEB6 /* Build configuration list for PBXProject "taxi-app-client-end-point" */;
			compatibilityVersion = "Xcode 8.0";
			developmentRegion = en;
			hasScannedForEncodings = 0;
			knownRegions = (
				en,
				Base,
			);
			mainGroup = D290BFF71F92ACFF002BEEB6;
			productRefGroup = D290C0011F92ACFF002BEEB6 /* Products */;
			projectDirPath = "";
			projectRoot = "";
			targets = (
				D290BFFF1F92ACFF002BEEB6 /* taxi-app-client-end-point */,
			);
		};
/* End PBXProject section */

/* Begin PBXResourcesBuildPhase section */
		D290BFFE1F92ACFF002BEEB6 /* Resources */ = {
			isa = PBXResourcesBuildPhase;
			buildActionMask = 2147483647;
			files = (
				D290C01A1F92B0B5002BEEB6 /* Login.storyboard in Resources */,
				D290C0281F92B77C002BEEB6 /* Home.storyboard in Resources */,
				D290C0181F92B07F002BEEB6 /* Launcher.storyboard in Resources */,
				D290C00B1F92ACFF002BEEB6 /* Assets.xcassets in Resources */,
				D290C0231F92B6F4002BEEB6 /* Register.storyboard in Resources */,
			);
			runOnlyForDeploymentPostprocessing = 0;
		};
/* End PBXResourcesBuildPhase section */

/* Begin PBXShellScriptBuildPhase section */
		3B35A9D816F06905F7BDB8F7 /* [CP] Copy Pods Resources */ = {
			isa = PBXShellScriptBuildPhase;
			buildActionMask = 2147483647;
			files = (
			);
			inputPaths = (
			);
			name = "[CP] Copy Pods Resources";
			outputPaths = (
			);
			runOnlyForDeploymentPostprocessing = 0;
			shellPath = /bin/sh;
			shellScript = "\"${SRCROOT}/Pods/Target Support Files/Pods-taxi-app-client-end-point/Pods-taxi-app-client-end-point-resources.sh\"\n";
			showEnvVarsInLog = 0;
		};
		78D99843664ADCC0C07E5141 /* [CP] Check Pods Manifest.lock */ = {
			isa = PBXShellScriptBuildPhase;
			buildActionMask = 2147483647;
			files = (
			);
			inputPaths = (
			);
			name = "[CP] Check Pods Manifest.lock";
			outputPaths = (
			);
			runOnlyForDeploymentPostprocessing = 0;
			shellPath = /bin/sh;
			shellScript = "diff \"${PODS_ROOT}/../Podfile.lock\" \"${PODS_ROOT}/Manifest.lock\" > /dev/null\nif [ $? != 0 ] ; then\n    # print error to STDERR\n    echo \"error: The sandbox is not in sync with the Podfile.lock. Run 'pod install' or update your CocoaPods installation.\" >&2\n    exit 1\nfi\n";
			showEnvVarsInLog = 0;
		};
		BDDF205B9E980BF15C6B7D24 /* [CP] Embed Pods Frameworks */ = {
			isa = PBXShellScriptBuildPhase;
			buildActionMask = 2147483647;
			files = (
			);
			inputPaths = (
			);
			name = "[CP] Embed Pods Frameworks";
			outputPaths = (
			);
			runOnlyForDeploymentPostprocessing = 0;
			shellPath = /bin/sh;
			shellScript = "\"${SRCROOT}/Pods/Target Support Files/Pods-taxi-app-client-end-point/Pods-taxi-app-client-end-point-frameworks.sh\"\n";
			showEnvVarsInLog = 0;
		};
/* End PBXShellScriptBuildPhase section */

/* Begin PBXSourcesBuildPhase section */
		D290BFFC1F92ACFF002BEEB6 /* Sources */ = {
			isa = PBXSourcesBuildPhase;
			buildActionMask = 2147483647;
			files = (
				D2C938E61F9595640016C003 /* Session.swift in Sources */,
				D290C01F1F92B424002BEEB6 /* LoginViewController.swift in Sources */,
				D2C938E51F9595600016C003 /* TypeOfUser.swift in Sources */,
				D2C938E71F9595670016C003 /* Taxi.swift in Sources */,
				D290C0041F92ACFF002BEEB6 /* AppDelegate.swift in Sources */,
				D290C0261F92B709002BEEB6 /* RegisterViewController.swift in Sources */,
				D2C938E41F9594A20016C003 /* Client.swift in Sources */,
				D2C938E81F95956E0016C003 /* Services.swift in Sources */,
				D290C02C1F92BD9E002BEEB6 /* HomeViewController.swift in Sources */,
			);
			runOnlyForDeploymentPostprocessing = 0;
		};
/* End PBXSourcesBuildPhase section */

/* Begin XCBuildConfiguration section */
		D290C0101F92ACFF002BEEB6 /* Debug */ = {
			isa = XCBuildConfiguration;
			buildSettings = {
				ALWAYS_SEARCH_USER_PATHS = NO;
				CLANG_ANALYZER_NONNULL = YES;
				CLANG_ANALYZER_NUMBER_OBJECT_CONVERSION = YES_AGGRESSIVE;
				CLANG_CXX_LANGUAGE_STANDARD = "gnu++14";
				CLANG_CXX_LIBRARY = "libc++";
				CLANG_ENABLE_MODULES = YES;
				CLANG_ENABLE_OBJC_ARC = YES;
				CLANG_WARN_BLOCK_CAPTURE_AUTORELEASING = YES;
				CLANG_WARN_BOOL_CONVERSION = YES;
				CLANG_WARN_COMMA = YES;
				CLANG_WARN_CONSTANT_CONVERSION = YES;
				CLANG_WARN_DIRECT_OBJC_ISA_USAGE = YES_ERROR;
				CLANG_WARN_DOCUMENTATION_COMMENTS = YES;
				CLANG_WARN_EMPTY_BODY = YES;
				CLANG_WARN_ENUM_CONVERSION = YES;
				CLANG_WARN_INFINITE_RECURSION = YES;
				CLANG_WARN_INT_CONVERSION = YES;
				CLANG_WARN_NON_LITERAL_NULL_CONVERSION = YES;
				CLANG_WARN_OBJC_LITERAL_CONVERSION = YES;
				CLANG_WARN_OBJC_ROOT_CLASS = YES_ERROR;
				CLANG_WARN_RANGE_LOOP_ANALYSIS = YES;
				CLANG_WARN_STRICT_PROTOTYPES = YES;
				CLANG_WARN_SUSPICIOUS_MOVE = YES;
				CLANG_WARN_UNGUARDED_AVAILABILITY = YES_AGGRESSIVE;
				CLANG_WARN_UNREACHABLE_CODE = YES;
				CLANG_WARN__DUPLICATE_METHOD_MATCH = YES;
				CODE_SIGN_IDENTITY = "iPhone Developer";
				COPY_PHASE_STRIP = NO;
				DEBUG_INFORMATION_FORMAT = dwarf;
				ENABLE_STRICT_OBJC_MSGSEND = YES;
				ENABLE_TESTABILITY = YES;
				GCC_C_LANGUAGE_STANDARD = gnu11;
				GCC_DYNAMIC_NO_PIC = NO;
				GCC_NO_COMMON_BLOCKS = YES;
				GCC_OPTIMIZATION_LEVEL = 0;
				GCC_PREPROCESSOR_DEFINITIONS = (
					"DEBUG=1",
					"$(inherited)",
				);
				GCC_WARN_64_TO_32_BIT_CONVERSION = YES;
				GCC_WARN_ABOUT_RETURN_TYPE = YES_ERROR;
				GCC_WARN_UNDECLARED_SELECTOR = YES;
				GCC_WARN_UNINITIALIZED_AUTOS = YES_AGGRESSIVE;
				GCC_WARN_UNUSED_FUNCTION = YES;
				GCC_WARN_UNUSED_VARIABLE = YES;
				IPHONEOS_DEPLOYMENT_TARGET = 11.0;
				MTL_ENABLE_DEBUG_INFO = YES;
				ONLY_ACTIVE_ARCH = YES;
				SDKROOT = iphoneos;
				SWIFT_ACTIVE_COMPILATION_CONDITIONS = DEBUG;
				SWIFT_OPTIMIZATION_LEVEL = "-Onone";
			};
			name = Debug;
		};
		D290C0111F92ACFF002BEEB6 /* Release */ = {
			isa = XCBuildConfiguration;
			buildSettings = {
				ALWAYS_SEARCH_USER_PATHS = NO;
				CLANG_ANALYZER_NONNULL = YES;
				CLANG_ANALYZER_NUMBER_OBJECT_CONVERSION = YES_AGGRESSIVE;
				CLANG_CXX_LANGUAGE_STANDARD = "gnu++14";
				CLANG_CXX_LIBRARY = "libc++";
				CLANG_ENABLE_MODULES = YES;
				CLANG_ENABLE_OBJC_ARC = YES;
				CLANG_WARN_BLOCK_CAPTURE_AUTORELEASING = YES;
				CLANG_WARN_BOOL_CONVERSION = YES;
				CLANG_WARN_COMMA = YES;
				CLANG_WARN_CONSTANT_CONVERSION = YES;
				CLANG_WARN_DIRECT_OBJC_ISA_USAGE = YES_ERROR;
				CLANG_WARN_DOCUMENTATION_COMMENTS = YES;
				CLANG_WARN_EMPTY_BODY = YES;
				CLANG_WARN_ENUM_CONVERSION = YES;
				CLANG_WARN_INFINITE_RECURSION = YES;
				CLANG_WARN_INT_CONVERSION = YES;
				CLANG_WARN_NON_LITERAL_NULL_CONVERSION = YES;
				CLANG_WARN_OBJC_LITERAL_CONVERSION = YES;
				CLANG_WARN_OBJC_ROOT_CLASS = YES_ERROR;
				CLANG_WARN_RANGE_LOOP_ANALYSIS = YES;
				CLANG_WARN_STRICT_PROTOTYPES = YES;
				CLANG_WARN_SUSPICIOUS_MOVE = YES;
				CLANG_WARN_UNGUARDED_AVAILABILITY = YES_AGGRESSIVE;
				CLANG_WARN_UNREACHABLE_CODE = YES;
				CLANG_WARN__DUPLICATE_METHOD_MATCH = YES;
				CODE_SIGN_IDENTITY = "iPhone Developer";
				COPY_PHASE_STRIP = NO;
				DEBUG_INFORMATION_FORMAT = "dwarf-with-dsym";
				ENABLE_NS_ASSERTIONS = NO;
				ENABLE_STRICT_OBJC_MSGSEND = YES;
				GCC_C_LANGUAGE_STANDARD = gnu11;
				GCC_NO_COMMON_BLOCKS = YES;
				GCC_WARN_64_TO_32_BIT_CONVERSION = YES;
				GCC_WARN_ABOUT_RETURN_TYPE = YES_ERROR;
				GCC_WARN_UNDECLARED_SELECTOR = YES;
				GCC_WARN_UNINITIALIZED_AUTOS = YES_AGGRESSIVE;
				GCC_WARN_UNUSED_FUNCTION = YES;
				GCC_WARN_UNUSED_VARIABLE = YES;
				IPHONEOS_DEPLOYMENT_TARGET = 11.0;
				MTL_ENABLE_DEBUG_INFO = NO;
				SDKROOT = iphoneos;
				SWIFT_OPTIMIZATION_LEVEL = "-Owholemodule";
				VALIDATE_PRODUCT = YES;
			};
			name = Release;
		};
		D290C0131F92ACFF002BEEB6 /* Debug */ = {
			isa = XCBuildConfiguration;
			baseConfigurationReference = 7172E83DC2B10DE556AC27B7 /* Pods-taxi-app-client-end-point.debug.xcconfig */;
			buildSettings = {
				ASSETCATALOG_COMPILER_APPICON_NAME = AppIcon;
				CODE_SIGN_STYLE = Automatic;
				DEVELOPMENT_TEAM = ED5F6DV8X9;
				INFOPLIST_FILE = "taxi-app-client-end-point/Info.plist";
				IPHONEOS_DEPLOYMENT_TARGET = 9.0;
				LD_RUNPATH_SEARCH_PATHS = "$(inherited) @executable_path/Frameworks";
				PRODUCT_BUNDLE_IDENTIFIER = "zcrome.me.taxi-app-client-end-point";
				PRODUCT_NAME = "$(TARGET_NAME)";
				SWIFT_VERSION = 4.0;
				TARGETED_DEVICE_FAMILY = "1,2";
			};
			name = Debug;
		};
		D290C0141F92ACFF002BEEB6 /* Release */ = {
			isa = XCBuildConfiguration;
			baseConfigurationReference = 769FF5C22C010CC7F8B1AF6B /* Pods-taxi-app-client-end-point.release.xcconfig */;
			buildSettings = {
				ASSETCATALOG_COMPILER_APPICON_NAME = AppIcon;
				CODE_SIGN_STYLE = Automatic;
				DEVELOPMENT_TEAM = ED5F6DV8X9;
				INFOPLIST_FILE = "taxi-app-client-end-point/Info.plist";
				IPHONEOS_DEPLOYMENT_TARGET = 9.0;
				LD_RUNPATH_SEARCH_PATHS = "$(inherited) @executable_path/Frameworks";
				PRODUCT_BUNDLE_IDENTIFIER = "zcrome.me.taxi-app-client-end-point";
				PRODUCT_NAME = "$(TARGET_NAME)";
				SWIFT_VERSION = 4.0;
				TARGETED_DEVICE_FAMILY = "1,2";
			};
			name = Release;
		};
/* End XCBuildConfiguration section */

/* Begin XCConfigurationList section */
		D290BFFB1F92ACFF002BEEB6 /* Build configuration list for PBXProject "taxi-app-client-end-point" */ = {
			isa = XCConfigurationList;
			buildConfigurations = (
				D290C0101F92ACFF002BEEB6 /* Debug */,
				D290C0111F92ACFF002BEEB6 /* Release */,
			);
			defaultConfigurationIsVisible = 0;
			defaultConfigurationName = Release;
		};
		D290C0121F92ACFF002BEEB6 /* Build configuration list for PBXNativeTarget "taxi-app-client-end-point" */ = {
			isa = XCConfigurationList;
			buildConfigurations = (
				D290C0131F92ACFF002BEEB6 /* Debug */,
				D290C0141F92ACFF002BEEB6 /* Release */,
			);
			defaultConfigurationIsVisible = 0;
			defaultConfigurationName = Release;
		};
/* End XCConfigurationList section */
	};
	rootObject = D290BFF81F92ACFF002BEEB6 /* Project object */;
}
